Microsoft Visual Studio Solution File, Format Version 12.00
# Visual Studio Version 17
VisualStudioVersion = 17.5.2.0
MinimumVisualStudioVersion = 10.0.40219.1
Project("{2150E333-8FDC-42A3-9474-1A3956D46DE8}") = "projects", "projects", "{17245595-230B-9055-A944-863F0DDDA8E8}"
EndProject
Project("{2150E333-8FDC-42A3-9474-1A3956D46DE8}") = "mdr-support-20260421003611", "mdr-support-20260421003611", "{B58D824F-4283-02E2-B7DF-01DA61FA2B12}"
EndProject
Project("{2150E333-8FDC-42A3-9474-1A3956D46DE8}") = "src", "src", "{7049020E-0882-2137-283C-4589D1D33A48}"
EndProject
Project("{FAE04EC0-301F-11D3-BF4B-00C04F79EFBC}") = "MdrSupport", "projects\mdr-support-20260421003611\src\MdrSupport.csproj", "{648B4671-937F-2829-3FD9-C5283E9B03AA}"
EndProject
Project("{2150E333-8FDC-42A3-9474-1A3956D46DE8}") = "tests", "tests", "{6E7336B0-69FC-DF33-6966-D7B75EE0D719}"
EndProject
Project("{FAE04EC0-301F-11D3-BF4B-00C04F79EFBC}") = "MdrSupport.Tests", "projects\mdr-support-20260421003611\tests\MdrSupport.Tests.csproj", "{377ACCB7-9E06-E100-FEDA-635F4B41D5FC}"
EndProject
Project("{2150E333-8FDC-42A3-9474-1A3956D46DE8}") = "mdr-support-20260421003634", "mdr-support-20260421003634", "{00355F49-E19E-3530-6F2E-CFF6742F5D54}"
EndProject
Project("{2150E333-8FDC-42A3-9474-1A3956D46DE8}") = "src", "src", "{766E0E78-C42C-25D2-ADA4-3B58CFD6C366}"
EndProject
Project("{FAE04EC0-301F-11D3-BF4B-00C04F79EFBC}") = "MdrSupport", "projects\mdr-support-20260421003634\src\MdrSupport.csproj", "{A8411720-B196-AF14-8AF3-9AB664C157C7}"
EndProject
Project("{2150E333-8FDC-42A3-9474-1A3956D46DE8}") = "tests", "tests", "{6DA0D5D0-5EA6-B580-B863-45276D2BAE35}"
EndProject
Project("{FAE04EC0-301F-11D3-BF4B-00C04F79EFBC}") = "MdrSupport.Tests", "projects\mdr-support-20260421003634\tests\MdrSupport.Tests.csproj", "{55DDD80F-AD0A-5306-2F1B-B7140B7677F0}"
EndProject
Project("{2150E333-8FDC-42A3-9474-1A3956D46DE8}") = "repo-intake-fbabaei-microsoft-azure-architecture-factory-20260425012922", "repo-intake-fbabaei-microsoft-azure-architecture-factory-20260425012922", "{A3F1A2A9-5CF9-2280-E2A2-9894A45C9CBB}"
EndProject
Project("{2150E333-8FDC-42A3-9474-1A3956D46DE8}") = "projects", "projects", "{2EF6F21F-E0E8-0F65-1253-D17B0FA7A71E}"
EndProject
Project("{2150E333-8FDC-42A3-9474-1A3956D46DE8}") = "mdr-support-20260421003611", "mdr-support-20260421003611", "{2D351200-F697-1BFC-EE9B-3E49330B5F3D}"
EndProject
Project("{2150E333-8FDC-42A3-9474-1A3956D46DE8}") = "src", "src", "{162EC7D5-CD49-5EE4-0FF1-2F31A461D19C}"
EndProject
Project("{FAE04EC0-301F-11D3-BF4B-00C04F79EFBC}") = "MdrSupport", "projects\repo-intake-fbabaei-microsoft-azure-architecture-factory-20260425012922\projects\mdr-support-20260421003611\src\MdrSupport.csproj", "{8D494AD8-DC7E-104B-988A-93E2288DFA39}"
EndProject
Project("{2150E333-8FDC-42A3-9474-1A3956D46DE8}") = "tests", "tests", "{4B34184A-7185-F238-EBF5-46BF03580089}"
EndProject
Project("{FAE04EC0-301F-11D3-BF4B-00C04F79EFBC}") = "MdrSupport.Tests", "projects\repo-intake-fbabaei-microsoft-azure-architecture-factory-20260425012922\projects\mdr-support-20260421003611\tests\MdrSupport.Tests.csproj", "{7985D2B8-B7D7-A14E-5FB1-E94BD021FF64}"
EndProject
Project("{2150E333-8FDC-42A3-9474-1A3956D46DE8}") = "mdr-support-20260421003634", "mdr-support-20260421003634", "{07E84AD5-7BBF-0F8D-84C8-9B9E7A57106E}"
EndProject
Project("{2150E333-8FDC-42A3-9474-1A3956D46DE8}") = "src", "src", "{8AC809C1-6224-A190-C221-B184B3004702}"
EndProject
Project("{FAE04EC0-301F-11D3-BF4B-00C04F79EFBC}") = "MdrSupport", "projects\repo-intake-fbabaei-microsoft-azure-architecture-factory-20260425012922\projects\mdr-support-20260421003634\src\MdrSupport.csproj", "{5D4FFEF9-AF97-5E5B-1356-F5CC22230A79}"
EndProject
Project("{2150E333-8FDC-42A3-9474-1A3956D46DE8}") = "tests", "tests", "{2B208481-7F41-3AD6-53DD-FA287DF4C0FF}"
EndProject
Project("{FAE04EC0-301F-11D3-BF4B-00C04F79EFBC}") = "MdrSupport.Tests", "projects\repo-intake-fbabaei-microsoft-azure-architecture-factory-20260425012922\projects\mdr-support-20260421003634\tests\MdrSupport.Tests.csproj", "{DCDDB5FF-2A0E-B2CF-A91B-B844C39BCEDF}"
EndProject
Global
	GlobalSection(SolutionConfigurationPlatforms) = preSolution
		Debug|Any CPU = Debug|Any CPU
		Release|Any CPU = Release|Any CPU
	EndGlobalSection
	GlobalSection(ProjectConfigurationPlatforms) = postSolution
		{648B4671-937F-2829-3FD9-C5283E9B03AA}.Debug|Any CPU.ActiveCfg = Debug|Any CPU
		{648B4671-937F-2829-3FD9-C5283E9B03AA}.Debug|Any CPU.Build.0 = Debug|Any CPU
		{648B4671-937F-2829-3FD9-C5283E9B03AA}.Release|Any CPU.ActiveCfg = Release|Any CPU
		{648B4671-937F-2829-3FD9-C5283E9B03AA}.Release|Any CPU.Build.0 = Release|Any CPU
		{377ACCB7-9E06-E100-FEDA-635F4B41D5FC}.Debug|Any CPU.ActiveCfg = Debug|Any CPU
		{377ACCB7-9E06-E100-FEDA-635F4B41D5FC}.Debug|Any CPU.Build.0 = Debug|Any CPU
		{377ACCB7-9E06-E100-FEDA-635F4B41D5FC}.Release|Any CPU.ActiveCfg = Release|Any CPU
		{377ACCB7-9E06-E100-FEDA-635F4B41D5FC}.Release|Any CPU.Build.0 = Release|Any CPU
		{A8411720-B196-AF14-8AF3-9AB664C157C7}.Debug|Any CPU.ActiveCfg = Debug|Any CPU
		{A8411720-B196-AF14-8AF3-9AB664C157C7}.Debug|Any CPU.Build.0 = Debug|Any CPU
		{A8411720-B196-AF14-8AF3-9AB664C157C7}.Release|Any CPU.ActiveCfg = Release|Any CPU
		{A8411720-B196-AF14-8AF3-9AB664C157C7}.Release|Any CPU.Build.0 = Release|Any CPU
		{55DDD80F-AD0A-5306-2F1B-B7140B7677F0}.Debug|Any CPU.ActiveCfg = Debug|Any CPU
		{55DDD80F-AD0A-5306-2F1B-B7140B7677F0}.Debug|Any CPU.Build.0 = Debug|Any CPU
		{55DDD80F-AD0A-5306-2F1B-B7140B7677F0}.Release|Any CPU.ActiveCfg = Release|Any CPU
		{55DDD80F-AD0A-5306-2F1B-B7140B7677F0}.Release|Any CPU.Build.0 = Release|Any CPU
		{8D494AD8-DC7E-104B-988A-93E2288DFA39}.Debug|Any CPU.ActiveCfg = Debug|Any CPU
		{8D494AD8-DC7E-104B-988A-93E2288DFA39}.Debug|Any CPU.Build.0 = Debug|Any CPU
		{8D494AD8-DC7E-104B-988A-93E2288DFA39}.Release|Any CPU.ActiveCfg = Release|Any CPU
		{8D494AD8-DC7E-104B-988A-93E2288DFA39}.Release|Any CPU.Build.0 = Release|Any CPU
		{7985D2B8-B7D7-A14E-5FB1-E94BD021FF64}.Debug|Any CPU.ActiveCfg = Debug|Any CPU
		{7985D2B8-B7D7-A14E-5FB1-E94BD021FF64}.Debug|Any CPU.Build.0 = Debug|Any CPU
		{7985D2B8-B7D7-A14E-5FB1-E94BD021FF64}.Release|Any CPU.ActiveCfg = Release|Any CPU
		{7985D2B8-B7D7-A14E-5FB1-E94BD021FF64}.Release|Any CPU.Build.0 = Release|Any CPU
		{5D4FFEF9-AF97-5E5B-1356-F5CC22230A79}.Debug|Any CPU.ActiveCfg = Debug|Any CPU
		{5D4FFEF9-AF97-5E5B-1356-F5CC22230A79}.Debug|Any CPU.Build.0 = Debug|Any CPU
		{5D4FFEF9-AF97-5E5B-1356-F5CC22230A79}.Release|Any CPU.ActiveCfg = Release|Any CPU
		{5D4FFEF9-AF97-5E5B-1356-F5CC22230A79}.Release|Any CPU.Build.0 = Release|Any CPU
		{DCDDB5FF-2A0E-B2CF-A91B-B844C39BCEDF}.Debug|Any CPU.ActiveCfg = Debug|Any CPU
		{DCDDB5FF-2A0E-B2CF-A91B-B844C39BCEDF}.Debug|Any CPU.Build.0 = Debug|Any CPU
		{DCDDB5FF-2A0E-B2CF-A91B-B844C39BCEDF}.Release|Any CPU.ActiveCfg = Release|Any CPU
		{DCDDB5FF-2A0E-B2CF-A91B-B844C39BCEDF}.Release|Any CPU.Build.0 = Release|Any CPU
	EndGlobalSection
	GlobalSection(SolutionProperties) = preSolution
		HideSolutionNode = FALSE
	EndGlobalSection
	GlobalSection(NestedProjects) = preSolution
		{B58D824F-4283-02E2-B7DF-01DA61FA2B12} = {17245595-230B-9055-A944-863F0DDDA8E8}
		{7049020E-0882-2137-283C-4589D1D33A48} = {B58D824F-4283-02E2-B7DF-01DA61FA2B12}
		{648B4671-937F-2829-3FD9-C5283E9B03AA} = {7049020E-0882-2137-283C-4589D1D33A48}
		{6E7336B0-69FC-DF33-6966-D7B75EE0D719} = {B58D824F-4283-02E2-B7DF-01DA61FA2B12}
		{377ACCB7-9E06-E100-FEDA-635F4B41D5FC} = {6E7336B0-69FC-DF33-6966-D7B75EE0D719}
		{00355F49-E19E-3530-6F2E-CFF6742F5D54} = {17245595-230B-9055-A944-863F0DDDA8E8}
		{766E0E78-C42C-25D2-ADA4-3B58CFD6C366} = {00355F49-E19E-3530-6F2E-CFF6742F5D54}
		{A8411720-B196-AF14-8AF3-9AB664C157C7} = {766E0E78-C42C-25D2-ADA4-3B58CFD6C366}
		{6DA0D5D0-5EA6-B580-B863-45276D2BAE35} = {00355F49-E19E-3530-6F2E-CFF6742F5D54}
		{55DDD80F-AD0A-5306-2F1B-B7140B7677F0} = {6DA0D5D0-5EA6-B580-B863-45276D2BAE35}
		{A3F1A2A9-5CF9-2280-E2A2-9894A45C9CBB} = {17245595-230B-9055-A944-863F0DDDA8E8}
		{2EF6F21F-E0E8-0F65-1253-D17B0FA7A71E} = {A3F1A2A9-5CF9-2280-E2A2-9894A45C9CBB}
		{2D351200-F697-1BFC-EE9B-3E49330B5F3D} = {2EF6F21F-E0E8-0F65-1253-D17B0FA7A71E}
		{162EC7D5-CD49-5EE4-0FF1-2F31A461D19C} = {2D351200-F697-1BFC-EE9B-3E49330B5F3D}
		{8D494AD8-DC7E-104B-988A-93E2288DFA39} = {162EC7D5-CD49-5EE4-0FF1-2F31A461D19C}
		{4B34184A-7185-F238-EBF5-46BF03580089} = {2D351200-F697-1BFC-EE9B-3E49330B5F3D}
		{7985D2B8-B7D7-A14E-5FB1-E94BD021FF64} = {4B34184A-7185-F238-EBF5-46BF03580089}
		{07E84AD5-7BBF-0F8D-84C8-9B9E7A57106E} = {2EF6F21F-E0E8-0F65-1253-D17B0FA7A71E}
		{8AC809C1-6224-A190-C221-B184B3004702} = {07E84AD5-7BBF-0F8D-84C8-9B9E7A57106E}
		{5D4FFEF9-AF97-5E5B-1356-F5CC22230A79} = {8AC809C1-6224-A190-C221-B184B3004702}
		{2B208481-7F41-3AD6-53DD-FA287DF4C0FF} = {07E84AD5-7BBF-0F8D-84C8-9B9E7A57106E}
		{DCDDB5FF-2A0E-B2CF-A91B-B844C39BCEDF} = {2B208481-7F41-3AD6-53DD-FA287DF4C0FF}
	EndGlobalSection
	GlobalSection(ExtensibilityGlobals) = postSolution
		SolutionGuid = {85F910D7-A3E2-4B1D-BE4D-FA6DB3618991}
	EndGlobalSection
EndGlobal
